
Microsoft Visual Studio Solution File, Format Version 12.00
# Visual Studio Version 17
VisualStudioVersion = 17.4.33213.308
MinimumVisualStudioVersion = 10.0.40219.1
Project("{8BC9CEB8-8B4A-11D0-8D11-00A0C91BC942}") = "MediaManager", "MediaManager\MediaManager.vcxproj", "{3591A465-F329-4C7F-9BC1-9D68547A577A}"
EndProject
Global
	GlobalSection(SolutionConfigurationPlatforms) = preSolution
		Debug|x64 = Debug|x64
		Release|x64 = Release|x64
		ReleaseDebug|x64 = ReleaseDebug|x64
	EndGlobalSection
	GlobalSection(ProjectConfigurationPlatforms) = postSolution
		{3591A465-F329-4C7F-9BC1-9D68547A577A}.Debug|x64.ActiveCfg = Debug|x64
		{3591A465-F329-4C7F-9BC1-9D68547A577A}.Debug|x64.Build.0 = Debug|x64
		{3591A465-F329-4C7F-9BC1-9D68547A577A}.Release|x64.ActiveCfg = Release|x64
		{3591A465-F329-4C7F-9BC1-9D68547A577A}.Release|x64.Build.0 = Release|x64
		{3591A465-F329-4C7F-9BC1-9D68547A577A}.ReleaseDebug|x64.ActiveCfg = ReleaseDebug|x64
		{3591A465-F329-4C7F-9BC1-9D68547A577A}.ReleaseDebug|x64.Build.0 = ReleaseDebug|x64
	EndGlobalSection
	GlobalSection(SolutionProperties) = preSolution
		HideSolutionNode = FALSE
	EndGlobalSection
	GlobalSection(ExtensibilityGlobals) = postSolution
		SolutionGuid = {33CCA6E6-ACC1-4CB1-A758-8E2042D838D3}
	EndGlobalSection
EndGlobal
